// !$*UTF8*$!
{
	archiveVersion = 1;
	classes = {
	};
	objectVersion = 46;
	objects = {

/* Begin PBXBuildFile section */
		28E93EE76F5798F71D527B55 /* libPods.a in Frameworks */ = {isa = PBXBuildFile; fileRef = E175B3D3A754A7D9438A507B /* libPods.a */; };
		DB2B97EB1A5EB82700932750 /* Settings.swift in Sources */ = {isa = PBXBuildFile; fileRef = DB2B97EA1A5EB82700932750 /* Settings.swift */; };
		DB32202A1A81DB9800643606 /* SwiftBridge.m in Sources */ = {isa = PBXBuildFile; fileRef = DB3220291A81DB9800643606 /* SwiftBridge.m */; };
		DB559EE51A7914A500B0663D /* TicketController.swift in Sources */ = {isa = PBXBuildFile; fileRef = DB559EE31A7914A500B0663D /* TicketController.swift */; };
		DB559EE71A7914AB00B0663D /* TicketController.xib in Resources */ = {isa = PBXBuildFile; fileRef = DB559EE41A7914A500B0663D /* TicketController.xib */; };
		DB559EE91A791B8600B0663D /* tabbar_me@2x.png in Resources */ = {isa = PBXBuildFile; fileRef = DB559EE81A791B8600B0663D /* tabbar_me@2x.png */; };
		DB559EEC1A791E4000B0663D /* tabbar_news@2x.png in Resources */ = {isa = PBXBuildFile; fileRef = DB559EEA1A791E4000B0663D /* tabbar_news@2x.png */; };
		DB559EED1A791E4000B0663D /* tabbar_ticket@2x.png in Resources */ = {isa = PBXBuildFile; fileRef = DB559EEB1A791E4000B0663D /* tabbar_ticket@2x.png */; };
		DB559EF01A7928C200B0663D /* AccountController.swift in Sources */ = {isa = PBXBuildFile; fileRef = DB559EEE1A7928C200B0663D /* AccountController.swift */; };
		DB559EF11A7928C200B0663D /* AccountController.xib in Resources */ = {isa = PBXBuildFile; fileRef = DB559EEF1A7928C200B0663D /* AccountController.xib */; };
		DB559EF31A792AB200B0663D /* inside_halake@2x.jpg in Resources */ = {isa = PBXBuildFile; fileRef = DB559EF21A792AB200B0663D /* inside_halake@2x.jpg */; };
		DB5B2E571A4BDC3B007B2094 /* AppDelegate.swift in Sources */ = {isa = PBXBuildFile; fileRef = DB5B2E561A4BDC3B007B2094 /* AppDelegate.swift */; };
		DB5B2E621A4BDC3B007B2094 /* Images.xcassets in Resources */ = {isa = PBXBuildFile; fileRef = DB5B2E611A4BDC3B007B2094 /* Images.xcassets */; };
		DB5B2E651A4BDC3B007B2094 /* LaunchScreen.xib in Resources */ = {isa = PBXBuildFile; fileRef = DB5B2E631A4BDC3B007B2094 /* LaunchScreen.xib */; };
		DB5B2E711A4BDC3B007B2094 /* HaLakeTests.swift in Sources */ = {isa = PBXBuildFile; fileRef = DB5B2E701A4BDC3B007B2094 /* HaLakeTests.swift */; };
		DB5B2E7C1A4C2978007B2094 /* StartupController.swift in Sources */ = {isa = PBXBuildFile; fileRef = DB5B2E7A1A4C2978007B2094 /* StartupController.swift */; };
		DB5B2E7D1A4C2978007B2094 /* StartupController.xib in Resources */ = {isa = PBXBuildFile; fileRef = DB5B2E7B1A4C2978007B2094 /* StartupController.xib */; };
		DB7572D01A6B221200E611BE /* Alamofire.swift in Sources */ = {isa = PBXBuildFile; fileRef = DB7572CF1A6B221200E611BE /* Alamofire.swift */; };
		DB7572D51A6BE56900E611BE /* EventController.swift in Sources */ = {isa = PBXBuildFile; fileRef = DB7572D31A6BE56900E611BE /* EventController.swift */; };
		DB7572D61A6BE56900E611BE /* EventController.xib in Resources */ = {isa = PBXBuildFile; fileRef = DB7572D41A6BE56900E611BE /* EventController.xib */; };
		DB7572D81A6BE59A00E611BE /* SettingController.swift in Sources */ = {isa = PBXBuildFile; fileRef = DB7572D71A6BE59A00E611BE /* SettingController.swift */; };
		DB7572DA1A6C856D00E611BE /* Store.swift in Sources */ = {isa = PBXBuildFile; fileRef = DB7572D91A6C856D00E611BE /* Store.swift */; };
		DB856D821A7EE8CA0073C8AB /* CoreLocation.framework in Frameworks */ = {isa = PBXBuildFile; fileRef = DB856D811A7EE8CA0073C8AB /* CoreLocation.framework */; };
		DB8F21231A5BD3520075663D /* logo@2x.png in Resources */ = {isa = PBXBuildFile; fileRef = DB8F21221A5BD3520075663D /* logo@2x.png */; };
		DB8F21271A5BD9200075663D /* background@2x.png in Resources */ = {isa = PBXBuildFile; fileRef = DB8F21261A5BD9200075663D /* background@2x.png */; };
		DB9D5E9D1A7A0FD300848986 /* Event.swift in Sources */ = {isa = PBXBuildFile; fileRef = DB9D5E9C1A7A0FD300848986 /* Event.swift */; };
		DB9D5EA01A7A11D800848986 /* EventCell.swift in Sources */ = {isa = PBXBuildFile; fileRef = DB9D5E9E1A7A11D800848986 /* EventCell.swift */; };
		DB9D5EA11A7A11D800848986 /* EventCell.xib in Resources */ = {isa = PBXBuildFile; fileRef = DB9D5E9F1A7A11D800848986 /* EventCell.xib */; };
		DB9D5EA31A7A175400848986 /* event_background@2x.png in Resources */ = {isa = PBXBuildFile; fileRef = DB9D5EA21A7A175400848986 /* event_background@2x.png */; };
		DB9D5EA51A7A1C5B00848986 /* icon_coffee@2x.png in Resources */ = {isa = PBXBuildFile; fileRef = DB9D5EA41A7A1C5B00848986 /* icon_coffee@2x.png */; };
		DBA51CE41A799E8100FEB72B /* UIUtils.swift in Sources */ = {isa = PBXBuildFile; fileRef = DBA51CE31A799E8100FEB72B /* UIUtils.swift */; };
		DBA51CE61A79B3FC00FEB72B /* TicketCell.swift in Sources */ = {isa = PBXBuildFile; fileRef = DBA51CE51A79B3FC00FEB72B /* TicketCell.swift */; };
		DBA51CE81A7A050E00FEB72B /* TicketCell.xib in Resources */ = {isa = PBXBuildFile; fileRef = DBA51CE71A7A050E00FEB72B /* TicketCell.xib */; };
		DBA51CEB1A7A065200FEB72B /* Ticket.swift in Sources */ = {isa = PBXBuildFile; fileRef = DBA51CEA1A7A065200FEB72B /* Ticket.swift */; };
/* End PBXBuildFile section */

/* Begin PBXContainerItemProxy section */
		DB5B2E6B1A4BDC3B007B2094 /* PBXContainerItemProxy */ = {
			isa = PBXContainerItemProxy;
			containerPortal = DB5B2E491A4BDC3B007B2094 /* Project object */;
			proxyType = 1;
			remoteGlobalIDString = DB5B2E501A4BDC3B007B2094;
			remoteInfo = HaLake;
		};
/* End PBXContainerItemProxy section */

/* Begin PBXFileReference section */
		6EDC750089BF00DE867DC384 /* Pods.debug.xcconfig */ = {isa = PBXFileReference; includeInIndex = 1; lastKnownFileType = text.xcconfig; name = Pods.debug.xcconfig; path = "Pods/Target Support Files/Pods/Pods.debug.xcconfig"; sourceTree = "<group>"; };
		BBA807AFE53DC0AA9ECD125D /* Pods.release.xcconfig */ = {isa = PBXFileReference; includeInIndex = 1; lastKnownFileType = text.xcconfig; name = Pods.release.xcconfig; path = "Pods/Target Support Files/Pods/Pods.release.xcconfig"; sourceTree = "<group>"; };
		DB2B97EA1A5EB82700932750 /* Settings.swift */ = {isa = PBXFileReference; fileEncoding = 4; lastKnownFileType = sourcecode.swift; path = Settings.swift; sourceTree = "<group>"; };
		DB3220281A81DB9800643606 /* SwiftBridge.h */ = {isa = PBXFileReference; fileEncoding = 4; lastKnownFileType = sourcecode.c.h; path = SwiftBridge.h; sourceTree = "<group>"; };
		DB3220291A81DB9800643606 /* SwiftBridge.m */ = {isa = PBXFileReference; fileEncoding = 4; lastKnownFileType = sourcecode.c.objc; path = SwiftBridge.m; sourceTree = "<group>"; };
		DB559EE31A7914A500B0663D /* TicketController.swift */ = {isa = PBXFileReference; fileEncoding = 4; lastKnownFileType = sourcecode.swift; path = TicketController.swift; sourceTree = "<group>"; };
		DB559EE41A7914A500B0663D /* TicketController.xib */ = {isa = PBXFileReference; fileEncoding = 4; lastKnownFileType = file.xib; path = TicketController.xib; sourceTree = "<group>"; };
		DB559EE81A791B8600B0663D /* tabbar_me@2x.png */ = {isa = PBXFileReference; lastKnownFileType = image.png; path = "tabbar_me@2x.png"; sourceTree = "<group>"; };
		DB559EEA1A791E4000B0663D /* tabbar_news@2x.png */ = {isa = PBXFileReference; lastKnownFileType = image.png; path = "tabbar_news@2x.png"; sourceTree = "<group>"; };
		DB559EEB1A791E4000B0663D /* tabbar_ticket@2x.png */ = {isa = PBXFileReference; lastKnownFileType = image.png; path = "tabbar_ticket@2x.png"; sourceTree = "<group>"; };
		DB559EEE1A7928C200B0663D /* AccountController.swift */ = {isa = PBXFileReference; fileEncoding = 4; lastKnownFileType = sourcecode.swift; path = AccountController.swift; sourceTree = "<group>"; };
		DB559EEF1A7928C200B0663D /* AccountController.xib */ = {isa = PBXFileReference; fileEncoding = 4; lastKnownFileType = file.xib; path = AccountController.xib; sourceTree = "<group>"; };
		DB559EF21A792AB200B0663D /* inside_halake@2x.jpg */ = {isa = PBXFileReference; lastKnownFileType = image.jpeg; path = "inside_halake@2x.jpg"; sourceTree = "<group>"; };
		DB5B2E511A4BDC3B007B2094 /* HaLake.app */ = {isa = PBXFileReference; explicitFileType = wrapper.application; includeInIndex = 0; path = HaLake.app; sourceTree = BUILT_PRODUCTS_DIR; };
		DB5B2E551A4BDC3B007B2094 /* Info.plist */ = {isa = PBXFileReference; lastKnownFileType = text.plist.xml; path = Info.plist; sourceTree = "<group>"; };
		DB5B2E561A4BDC3B007B2094 /* AppDelegate.swift */ = {isa = PBXFileReference; lastKnownFileType = sourcecode.swift; path = AppDelegate.swift; sourceTree = "<group>"; };
		DB5B2E611A4BDC3B007B2094 /* Images.xcassets */ = {isa = PBXFileReference; lastKnownFileType = folder.assetcatalog; path = Images.xcassets; sourceTree = "<group>"; };
		DB5B2E641A4BDC3B007B2094 /* Base */ = {isa = PBXFileReference; lastKnownFileType = file.xib; name = Base; path = Base.lproj/LaunchScreen.xib; sourceTree = "<group>"; };
		DB5B2E6A1A4BDC3B007B2094 /* HaLakeTests.xctest */ = {isa = PBXFileReference; explicitFileType = wrapper.cfbundle; includeInIndex = 0; path = HaLakeTests.xctest; sourceTree = BUILT_PRODUCTS_DIR; };
		DB5B2E6F1A4BDC3B007B2094 /* Info.plist */ = {isa = PBXFileReference; lastKnownFileType = text.plist.xml; path = Info.plist; sourceTree = "<group>"; };
		DB5B2E701A4BDC3B007B2094 /* HaLakeTests.swift */ = {isa = PBXFileReference; lastKnownFileType = sourcecode.swift; path = HaLakeTests.swift; sourceTree = "<group>"; };
		DB5B2E7A1A4C2978007B2094 /* StartupController.swift */ = {isa = PBXFileReference; fileEncoding = 4; lastKnownFileType = sourcecode.swift; path = StartupController.swift; sourceTree = "<group>"; };
		DB5B2E7B1A4C2978007B2094 /* StartupController.xib */ = {isa = PBXFileReference; fileEncoding = 4; lastKnownFileType = file.xib; path = StartupController.xib; sourceTree = "<group>"; };
		DB7572CF1A6B221200E611BE /* Alamofire.swift */ = {isa = PBXFileReference; fileEncoding = 4; lastKnownFileType = sourcecode.swift; path = Alamofire.swift; sourceTree = "<group>"; };
		DB7572D31A6BE56900E611BE /* EventController.swift */ = {isa = PBXFileReference; fileEncoding = 4; lastKnownFileType = sourcecode.swift; path = EventController.swift; sourceTree = "<group>"; };
		DB7572D41A6BE56900E611BE /* EventController.xib */ = {isa = PBXFileReference; fileEncoding = 4; lastKnownFileType = file.xib; path = EventController.xib; sourceTree = "<group>"; };
		DB7572D71A6BE59A00E611BE /* SettingController.swift */ = {isa = PBXFileReference; fileEncoding = 4; lastKnownFileType = sourcecode.swift; path = SettingController.swift; sourceTree = "<group>"; };
		DB7572D91A6C856D00E611BE /* Store.swift */ = {isa = PBXFileReference; fileEncoding = 4; lastKnownFileType = sourcecode.swift; path = Store.swift; sourceTree = "<group>"; };
		DB856D811A7EE8CA0073C8AB /* CoreLocation.framework */ = {isa = PBXFileReference; lastKnownFileType = wrapper.framework; name = CoreLocation.framework; path = System/Library/Frameworks/CoreLocation.framework; sourceTree = SDKROOT; };
		DB8F21221A5BD3520075663D /* logo@2x.png */ = {isa = PBXFileReference; lastKnownFileType = image.png; path = "logo@2x.png"; sourceTree = "<group>"; };
		DB8F21261A5BD9200075663D /* background@2x.png */ = {isa = PBXFileReference; lastKnownFileType = image.png; path = "background@2x.png"; sourceTree = "<group>"; };
		DB8F212A1A5D28020075663D /* HaLake-Bridging-Header.h */ = {isa = PBXFileReference; lastKnownFileType = sourcecode.c.h; path = "HaLake-Bridging-Header.h"; sourceTree = "<group>"; };
		DB9D5E9C1A7A0FD300848986 /* Event.swift */ = {isa = PBXFileReference; fileEncoding = 4; lastKnownFileType = sourcecode.swift; path = Event.swift; sourceTree = "<group>"; };
		DB9D5E9E1A7A11D800848986 /* EventCell.swift */ = {isa = PBXFileReference; fileEncoding = 4; lastKnownFileType = sourcecode.swift; path = EventCell.swift; sourceTree = "<group>"; };
		DB9D5E9F1A7A11D800848986 /* EventCell.xib */ = {isa = PBXFileReference; fileEncoding = 4; lastKnownFileType = file.xib; path = EventCell.xib; sourceTree = "<group>"; };
		DB9D5EA21A7A175400848986 /* event_background@2x.png */ = {isa = PBXFileReference; lastKnownFileType = image.png; path = "event_background@2x.png"; sourceTree = "<group>"; };
		DB9D5EA41A7A1C5B00848986 /* icon_coffee@2x.png */ = {isa = PBXFileReference; lastKnownFileType = image.png; path = "icon_coffee@2x.png"; sourceTree = "<group>"; };
		DBA51CE31A799E8100FEB72B /* UIUtils.swift */ = {isa = PBXFileReference; fileEncoding = 4; lastKnownFileType = sourcecode.swift; path = UIUtils.swift; sourceTree = "<group>"; };
		DBA51CE51A79B3FC00FEB72B /* TicketCell.swift */ = {isa = PBXFileReference; fileEncoding = 4; lastKnownFileType = sourcecode.swift; path = TicketCell.swift; sourceTree = "<group>"; };
		DBA51CE71A7A050E00FEB72B /* TicketCell.xib */ = {isa = PBXFileReference; fileEncoding = 4; lastKnownFileType = file.xib; path = TicketCell.xib; sourceTree = "<group>"; };
		DBA51CEA1A7A065200FEB72B /* Ticket.swift */ = {isa = PBXFileReference; fileEncoding = 4; lastKnownFileType = sourcecode.swift; path = Ticket.swift; sourceTree = "<group>"; };
		E175B3D3A754A7D9438A507B /* libPods.a */ = {isa = PBXFileReference; explicitFileType = archive.ar; includeInIndex = 0; path = libPods.a; sourceTree = BUILT_PRODUCTS_DIR; };
/* End PBXFileReference section */

/* Begin PBXFrameworksBuildPhase section */
		DB5B2E4E1A4BDC3B007B2094 /* Frameworks */ = {
			isa = PBXFrameworksBuildPhase;
			buildActionMask = 2147483647;
			files = (
				DB856D821A7EE8CA0073C8AB /* CoreLocation.framework in Frameworks */,
				28E93EE76F5798F71D527B55 /* libPods.a in Frameworks */,
			);
			runOnlyForDeploymentPostprocessing = 0;
		};
		DB5B2E671A4BDC3B007B2094 /* Frameworks */ = {
			isa = PBXFrameworksBuildPhase;
			buildActionMask = 2147483647;
			files = (
			);
			runOnlyForDeploymentPostprocessing = 0;
		};
/* End PBXFrameworksBuildPhase section */

/* Begin PBXGroup section */
		26AE43E3237081CC33E91E9A /* Frameworks */ = {
			isa = PBXGroup;
			children = (
				DB856D811A7EE8CA0073C8AB /* CoreLocation.framework */,
				E175B3D3A754A7D9438A507B /* libPods.a */,
			);
			name = Frameworks;
			sourceTree = "<group>";
		};
		2E4533E09BDCD804C526A358 /* Pods */ = {
			isa = PBXGroup;
			children = (
				6EDC750089BF00DE867DC384 /* Pods.debug.xcconfig */,
				BBA807AFE53DC0AA9ECD125D /* Pods.release.xcconfig */,
			);
			name = Pods;
			sourceTree = "<group>";
		};
		DB559EE21A7913F000B0663D /* Controllers */ = {
			isa = PBXGroup;
			children = (
				DB5B2E7A1A4C2978007B2094 /* StartupController.swift */,
				DB5B2E7B1A4C2978007B2094 /* StartupController.xib */,
				DB7572D31A6BE56900E611BE /* EventController.swift */,
				DB7572D41A6BE56900E611BE /* EventController.xib */,
				DB559EE31A7914A500B0663D /* TicketController.swift */,
				DB559EE41A7914A500B0663D /* TicketController.xib */,
				DB559EEE1A7928C200B0663D /* AccountController.swift */,
				DB559EEF1A7928C200B0663D /* AccountController.xib */,
				DB7572D71A6BE59A00E611BE /* SettingController.swift */,
			);
			name = Controllers;
			sourceTree = "<group>";
		};
		DB5B2E481A4BDC3B007B2094 = {
			isa = PBXGroup;
			children = (
				DB5B2E531A4BDC3B007B2094 /* HaLake */,
				DB5B2E6D1A4BDC3B007B2094 /* HaLakeTests */,
				DB5B2E521A4BDC3B007B2094 /* Products */,
				2E4533E09BDCD804C526A358 /* Pods */,
				26AE43E3237081CC33E91E9A /* Frameworks */,
			);
			sourceTree = "<group>";
		};
		DB5B2E521A4BDC3B007B2094 /* Products */ = {
			isa = PBXGroup;
			children = (
				DB5B2E511A4BDC3B007B2094 /* HaLake.app */,
				DB5B2E6A1A4BDC3B007B2094 /* HaLakeTests.xctest */,
			);
			name = Products;
			sourceTree = "<group>";
		};
		DB5B2E531A4BDC3B007B2094 /* HaLake */ = {
			isa = PBXGroup;
			children = (
				DBA51CE91A7A063900FEB72B /* Models */,
				DB2B97EA1A5EB82700932750 /* Settings.swift */,
				DB5B2E561A4BDC3B007B2094 /* AppDelegate.swift */,
				DB559EE21A7913F000B0663D /* Controllers */,
				DB9D5E9B1A7A09EC00848986 /* Cells */,
				DB5B2E611A4BDC3B007B2094 /* Images.xcassets */,
				DB5B2E631A4BDC3B007B2094 /* LaunchScreen.xib */,
				DB5B2E541A4BDC3B007B2094 /* Supporting Files */,
				DB7572CF1A6B221200E611BE /* Alamofire.swift */,
				DB7572D91A6C856D00E611BE /* Store.swift */,
				DB8F212A1A5D28020075663D /* HaLake-Bridging-Header.h */,
				DBA51CE31A799E8100FEB72B /* UIUtils.swift */,
			);
			path = HaLake;
			sourceTree = "<group>";
		};
		DB5B2E541A4BDC3B007B2094 /* Supporting Files */ = {
			isa = PBXGroup;
			children = (
				DB9D5EA41A7A1C5B00848986 /* icon_coffee@2x.png */,
				DB9D5EA21A7A175400848986 /* event_background@2x.png */,
				DB559EF21A792AB200B0663D /* inside_halake@2x.jpg */,
				DB559EEA1A791E4000B0663D /* tabbar_news@2x.png */,
				DB559EEB1A791E4000B0663D /* tabbar_ticket@2x.png */,
				DB559EE81A791B8600B0663D /* tabbar_me@2x.png */,
				DB8F21261A5BD9200075663D /* background@2x.png */,
				DB8F21221A5BD3520075663D /* logo@2x.png */,
				DB5B2E551A4BDC3B007B2094 /* Info.plist */,
				DB3220281A81DB9800643606 /* SwiftBridge.h */,
				DB3220291A81DB9800643606 /* SwiftBridge.m */,
			);
			name = "Supporting Files";
			sourceTree = "<group>";
		};
		DB5B2E6D1A4BDC3B007B2094 /* HaLakeTests */ = {
			isa = PBXGroup;
			children = (
				DB5B2E701A4BDC3B007B2094 /* HaLakeTests.swift */,
				DB5B2E6E1A4BDC3B007B2094 /* Supporting Files */,
			);
			path = HaLakeTests;
			sourceTree = "<group>";
		};
		DB5B2E6E1A4BDC3B007B2094 /* Supporting Files */ = {
			isa = PBXGroup;
			children = (
				DB5B2E6F1A4BDC3B007B2094 /* Info.plist */,
			);
			name = "Supporting Files";
			sourceTree = "<group>";
		};
		DB9D5E9B1A7A09EC00848986 /* Cells */ = {
			isa = PBXGroup;
			children = (
				DBA51CE51A79B3FC00FEB72B /* TicketCell.swift */,
				DBA51CE71A7A050E00FEB72B /* TicketCell.xib */,
				DB9D5E9E1A7A11D800848986 /* EventCell.swift */,
				DB9D5E9F1A7A11D800848986 /* EventCell.xib */,
			);
			name = Cells;
			sourceTree = "<group>";
		};
		DBA51CE91A7A063900FEB72B /* Models */ = {
			isa = PBXGroup;
			children = (
				DBA51CEA1A7A065200FEB72B /* Ticket.swift */,
				DB9D5E9C1A7A0FD300848986 /* Event.swift */,
			);
			name = Models;
			sourceTree = "<group>";
		};
/* End PBXGroup section */

/* Begin PBXNativeTarget section */
		DB5B2E501A4BDC3B007B2094 /* HaLake */ = {
			isa = PBXNativeTarget;
			buildConfigurationList = DB5B2E741A4BDC3B007B2094 /* Build configuration list for PBXNativeTarget "HaLake" */;
			buildPhases = (
				9E2991F4AC3EB60AFC1DC0A9 /* Check Pods Manifest.lock */,
				DB5B2E4D1A4BDC3B007B2094 /* Sources */,
				DB5B2E4E1A4BDC3B007B2094 /* Frameworks */,
				DB5B2E4F1A4BDC3B007B2094 /* Resources */,
				407DDADB5118967D4697277F /* Copy Pods Resources */,
			);
			buildRules = (
			);
			dependencies = (
			);
			name = HaLake;
			productName = HaLake;
			productReference = DB5B2E511A4BDC3B007B2094 /* HaLake.app */;
			productType = "com.apple.product-type.application";
		};
		DB5B2E691A4BDC3B007B2094 /* HaLakeTests */ = {
			isa = PBXNativeTarget;
			buildConfigurationList = DB5B2E771A4BDC3B007B2094 /* Build configuration list for PBXNativeTarget "HaLakeTests" */;
			buildPhases = (
				DB5B2E661A4BDC3B007B2094 /* Sources */,
				DB5B2E671A4BDC3B007B2094 /* Frameworks */,
				DB5B2E681A4BDC3B007B2094 /* Resources */,
			);
			buildRules = (
			);
			dependencies = (
				DB5B2E6C1A4BDC3B007B2094 /* PBXTargetDependency */,
			);
			name = HaLakeTests;
			productName = HaLakeTests;
			productReference = DB5B2E6A1A4BDC3B007B2094 /* HaLakeTests.xctest */;
			productType = "com.apple.product-type.bundle.unit-test";
		};
/* End PBXNativeTarget section */

/* Begin PBXProject section */
		DB5B2E491A4BDC3B007B2094 /* Project object */ = {
			isa = PBXProject;
			attributes = {
				LastUpgradeCheck = 0610;
				ORGANIZATIONNAME = "Nyampass Corporation";
				TargetAttributes = {
					DB5B2E501A4BDC3B007B2094 = {
						CreatedOnToolsVersion = 6.1.1;
					};
					DB5B2E691A4BDC3B007B2094 = {
						CreatedOnToolsVersion = 6.1.1;
						TestTargetID = DB5B2E501A4BDC3B007B2094;
					};
				};
			};
			buildConfigurationList = DB5B2E4C1A4BDC3B007B2094 /* Build configuration list for PBXProject "HaLake" */;
			compatibilityVersion = "Xcode 3.2";
			developmentRegion = English;
			hasScannedForEncodings = 0;
			knownRegions = (
				en,
				Base,
			);
			mainGroup = DB5B2E481A4BDC3B007B2094;
			productRefGroup = DB5B2E521A4BDC3B007B2094 /* Products */;
			projectDirPath = "";
			projectRoot = "";
			targets = (
				DB5B2E501A4BDC3B007B2094 /* HaLake */,
				DB5B2E691A4BDC3B007B2094 /* HaLakeTests */,
			);
		};
/* End PBXProject section */

/* Begin PBXResourcesBuildPhase section */
		DB5B2E4F1A4BDC3B007B2094 /* Resources */ = {
			isa = PBXResourcesBuildPhase;
			buildActionMask = 2147483647;
			files = (
				DB8F21231A5BD3520075663D /* logo@2x.png in Resources */,
				DB559EEC1A791E4000B0663D /* tabbar_news@2x.png in Resources */,
				DB9D5EA51A7A1C5B00848986 /* icon_coffee@2x.png in Resources */,
				DB559EF31A792AB200B0663D /* inside_halake@2x.jpg in Resources */,
				DB5B2E7D1A4C2978007B2094 /* StartupController.xib in Resources */,
				DB559EED1A791E4000B0663D /* tabbar_ticket@2x.png in Resources */,
				DB9D5EA31A7A175400848986 /* event_background@2x.png in Resources */,
				DB7572D61A6BE56900E611BE /* EventController.xib in Resources */,
				DB9D5EA11A7A11D800848986 /* EventCell.xib in Resources */,
				DB5B2E651A4BDC3B007B2094 /* LaunchScreen.xib in Resources */,
				DB8F21271A5BD9200075663D /* background@2x.png in Resources */,
				DBA51CE81A7A050E00FEB72B /* TicketCell.xib in Resources */,
				DB559EF11A7928C200B0663D /* AccountController.xib in Resources */,
				DB559EE91A791B8600B0663D /* tabbar_me@2x.png in Resources */,
				DB5B2E621A4BDC3B007B2094 /* Images.xcassets in Resources */,
				DB559EE71A7914AB00B0663D /* TicketController.xib in Resources */,
			);
			runOnlyForDeploymentPostprocessing = 0;
		};
		DB5B2E681A4BDC3B007B2094 /* Resources */ = {
			isa = PBXResourcesBuildPhase;
			buildActionMask = 2147483647;
			files = (
			);
			runOnlyForDeploymentPostprocessing = 0;
		};
/* End PBXResourcesBuildPhase section */

/* Begin PBXShellScriptBuildPhase section */
		407DDADB5118967D4697277F /* Copy Pods Resources */ = {
			isa = PBXShellScriptBuildPhase;
			buildActionMask = 2147483647;
			files = (
			);
			inputPaths = (
			);
			name = "Copy Pods Resources";
			outputPaths = (
			);
			runOnlyForDeploymentPostprocessing = 0;
			shellPath = /bin/sh;
			shellScript = "\"${SRCROOT}/Pods/Target Support Files/Pods/Pods-resources.sh\"\n";
			showEnvVarsInLog = 0;
		};
		9E2991F4AC3EB60AFC1DC0A9 /* Check Pods Manifest.lock */ = {
			isa = PBXShellScriptBuildPhase;
			buildActionMask = 2147483647;
			files = (
			);
			inputPaths = (
			);
			name = "Check Pods Manifest.lock";
			outputPaths = (
			);
			runOnlyForDeploymentPostprocessing = 0;
			shellPath = /bin/sh;
			shellScript = "diff \"${PODS_ROOT}/../Podfile.lock\" \"${PODS_ROOT}/Manifest.lock\" > /dev/null\nif [[ $? != 0 ]] ; then\n    cat << EOM\nerror: The sandbox is not in sync with the Podfile.lock. Run 'pod install' or update your CocoaPods installation.\nEOM\n    exit 1\nfi\n";
			showEnvVarsInLog = 0;
		};
/* End PBXShellScriptBuildPhase section */

/* Begin PBXSourcesBuildPhase section */
		DB5B2E4D1A4BDC3B007B2094 /* Sources */ = {
			isa = PBXSourcesBuildPhase;
			buildActionMask = 2147483647;
			files = (
				DBA51CE61A79B3FC00FEB72B /* TicketCell.swift in Sources */,
				DB7572D81A6BE59A00E611BE /* SettingController.swift in Sources */,
				DB559EE51A7914A500B0663D /* TicketController.swift in Sources */,
				DB5B2E7C1A4C2978007B2094 /* StartupController.swift in Sources */,
				DB7572DA1A6C856D00E611BE /* Store.swift in Sources */,
				DB2B97EB1A5EB82700932750 /* Settings.swift in Sources */,
				DB32202A1A81DB9800643606 /* SwiftBridge.m in Sources */,
				DB9D5EA01A7A11D800848986 /* EventCell.swift in Sources */,
				DBA51CE41A799E8100FEB72B /* UIUtils.swift in Sources */,
				DBA51CEB1A7A065200FEB72B /* Ticket.swift in Sources */,
				DB7572D51A6BE56900E611BE /* EventController.swift in Sources */,
				DB559EF01A7928C200B0663D /* AccountController.swift in Sources */,
				DB5B2E571A4BDC3B007B2094 /* AppDelegate.swift in Sources */,
				DB7572D01A6B221200E611BE /* Alamofire.swift in Sources */,
				DB9D5E9D1A7A0FD300848986 /* Event.swift in Sources */,
			);
			runOnlyForDeploymentPostprocessing = 0;
		};
		DB5B2E661A4BDC3B007B2094 /* Sources */ = {
			isa = PBXSourcesBuildPhase;
			buildActionMask = 2147483647;
			files = (
				DB5B2E711A4BDC3B007B2094 /* HaLakeTests.swift in Sources */,
			);
			runOnlyForDeploymentPostprocessing = 0;
		};
/* End PBXSourcesBuildPhase section */

/* Begin PBXTargetDependency section */
		DB5B2E6C1A4BDC3B007B2094 /* PBXTargetDependency */ = {
			isa = PBXTargetDependency;
			target = DB5B2E501A4BDC3B007B2094 /* HaLake */;
			targetProxy = DB5B2E6B1A4BDC3B007B2094 /* PBXContainerItemProxy */;
		};
/* End PBXTargetDependency section */

/* Begin PBXVariantGroup section */
		DB5B2E631A4BDC3B007B2094 /* LaunchScreen.xib */ = {
			isa = PBXVariantGroup;
			children = (
				DB5B2E641A4BDC3B007B2094 /* Base */,
			);
			name = LaunchScreen.xib;
			sourceTree = "<group>";
		};
/* End PBXVariantGroup section */

/* Begin XCBuildConfiguration section */
		DB5B2E721A4BDC3B007B2094 /* Debug */ = {
			isa = XCBuildConfiguration;
			buildSettings = {
				ALWAYS_SEARCH_USER_PATHS = NO;
				CLANG_CXX_LANGUAGE_STANDARD = "gnu++0x";
				CLANG_CXX_LIBRARY = "libc++";
				CLANG_ENABLE_MODULES = YES;
				CLANG_ENABLE_OBJC_ARC = YES;
				CLANG_WARN_BOOL_CONVERSION = YES;
				CLANG_WARN_CONSTANT_CONVERSION = YES;
				CLANG_WARN_DIRECT_OBJC_ISA_USAGE = YES_ERROR;
				CLANG_WARN_EMPTY_BODY = YES;
				CLANG_WARN_ENUM_CONVERSION = YES;
				CLANG_WARN_INT_CONVERSION = YES;
				CLANG_WARN_OBJC_ROOT_CLASS = YES_ERROR;
				CLANG_WARN_UNREACHABLE_CODE = YES;
				CLANG_WARN__DUPLICATE_METHOD_MATCH = YES;
				"CODE_SIGN_IDENTITY[sdk=iphoneos*]" = "iPhone Developer";
				COPY_PHASE_STRIP = NO;
				ENABLE_STRICT_OBJC_MSGSEND = YES;
				GCC_C_LANGUAGE_STANDARD = gnu99;
				GCC_DYNAMIC_NO_PIC = NO;
				GCC_OPTIMIZATION_LEVEL = 0;
				GCC_PREPROCESSOR_DEFINITIONS = (
					"DEBUG=1",
					"$(inherited)",
				);
				GCC_SYMBOLS_PRIVATE_EXTERN = NO;
				GCC_WARN_64_TO_32_BIT_CONVERSION = YES;
				GCC_WARN_ABOUT_RETURN_TYPE = YES_ERROR;
				GCC_WARN_UNDECLARED_SELECTOR = YES;
				GCC_WARN_UNINITIALIZED_AUTOS = YES_AGGRESSIVE;
				GCC_WARN_UNUSED_FUNCTION = YES;
				GCC_WARN_UNUSED_VARIABLE = YES;
				IPHONEOS_DEPLOYMENT_TARGET = 8.1;
				MTL_ENABLE_DEBUG_INFO = YES;
				ONLY_ACTIVE_ARCH = YES;
				SDKROOT = iphoneos;
				SWIFT_OPTIMIZATION_LEVEL = "-Onone";
			};
			name = Debug;
		};
		DB5B2E731A4BDC3B007B2094 /* Release */ = {
			isa = XCBuildConfiguration;
			buildSettings = {
				ALWAYS_SEARCH_USER_PATHS = NO;
				CLANG_CXX_LANGUAGE_STANDARD = "gnu++0x";
				CLANG_CXX_LIBRARY = "libc++";
				CLANG_ENABLE_MODULES = YES;
				CLANG_ENABLE_OBJC_ARC = YES;
				CLANG_WARN_BOOL_CONVERSION = YES;
				CLANG_WARN_CONSTANT_CONVERSION = YES;
				CLANG_WARN_DIRECT_OBJC_ISA_USAGE = YES_ERROR;
				CLANG_WARN_EMPTY_BODY = YES;
				CLANG_WARN_ENUM_CONVERSION = YES;
				CLANG_WARN_INT_CONVERSION = YES;
				CLANG_WARN_OBJC_ROOT_CLASS = YES_ERROR;
				CLANG_WARN_UNREACHABLE_CODE = YES;
				CLANG_WARN__DUPLICATE_METHOD_MATCH = YES;
				"CODE_SIGN_IDENTITY[sdk=iphoneos*]" = "iPhone Developer";
				COPY_PHASE_STRIP = YES;
				ENABLE_NS_ASSERTIONS = NO;
				ENABLE_STRICT_OBJC_MSGSEND = YES;
				GCC_C_LANGUAGE_STANDARD = gnu99;
				GCC_WARN_64_TO_32_BIT_CONVERSION = YES;
				GCC_WARN_ABOUT_RETURN_TYPE = YES_ERROR;
				GCC_WARN_UNDECLARED_SELECTOR = YES;
				GCC_WARN_UNINITIALIZED_AUTOS = YES_AGGRESSIVE;
				GCC_WARN_UNUSED_FUNCTION = YES;
				GCC_WARN_UNUSED_VARIABLE = YES;
				IPHONEOS_DEPLOYMENT_TARGET = 8.1;
				MTL_ENABLE_DEBUG_INFO = NO;
				SDKROOT = iphoneos;
				VALIDATE_PRODUCT = YES;
			};
			name = Release;
		};
		DB5B2E751A4BDC3B007B2094 /* Debug */ = {
			isa = XCBuildConfiguration;
			baseConfigurationReference = 6EDC750089BF00DE867DC384 /* Pods.debug.xcconfig */;
			buildSettings = {
				ASSETCATALOG_COMPILER_APPICON_NAME = AppIcon;
				INFOPLIST_FILE = HaLake/Info.plist;
				IPHONEOS_DEPLOYMENT_TARGET = 7.0;
				LD_RUNPATH_SEARCH_PATHS = "$(inherited) @executable_path/Frameworks";
				PRODUCT_NAME = "$(TARGET_NAME)";
				SWIFT_OBJC_BRIDGING_HEADER = "$(SRCROOT)/$(PROJECT)/HaLake-Bridging-Header.h";
			};
			name = Debug;
		};
		DB5B2E761A4BDC3B007B2094 /* Release */ = {
			isa = XCBuildConfiguration;
			baseConfigurationReference = BBA807AFE53DC0AA9ECD125D /* Pods.release.xcconfig */;
			buildSettings = {
				ASSETCATALOG_COMPILER_APPICON_NAME = AppIcon;
				INFOPLIST_FILE = HaLake/Info.plist;
				IPHONEOS_DEPLOYMENT_TARGET = 7.0;
				LD_RUNPATH_SEARCH_PATHS = "$(inherited) @executable_path/Frameworks";
				PRODUCT_NAME = "$(TARGET_NAME)";
				SWIFT_OBJC_BRIDGING_HEADER = "$(SRCROOT)/$(PROJECT)/HaLake-Bridging-Header.h";
			};
			name = Release;
		};
		DB5B2E781A4BDC3B007B2094 /* Debug */ = {
			isa = XCBuildConfiguration;
			buildSettings = {
				BUNDLE_LOADER = "$(TEST_HOST)";
				FRAMEWORK_SEARCH_PATHS = (
					"$(SDKROOT)/Developer/Library/Frameworks",
					"$(inherited)",
				);
				GCC_PREPROCESSOR_DEFINITIONS = (
					"DEBUG=1",
					"$(inherited)",
				);
				INFOPLIST_FILE = HaLakeTests/Info.plist;
				LD_RUNPATH_SEARCH_PATHS = "$(inherited) @executable_path/Frameworks @loader_path/Frameworks";
				PRODUCT_NAME = "$(TARGET_NAME)";
				TEST_HOST = "$(BUILT_PRODUCTS_DIR)/HaLake.app/HaLake";
			};
			name = Debug;
		};
		DB5B2E791A4BDC3B007B2094 /* Release */ = {
			isa = XCBuildConfiguration;
			buildSettings = {
				BUNDLE_LOADER = "$(TEST_HOST)";
				FRAMEWORK_SEARCH_PATHS = (
					"$(SDKROOT)/Developer/Library/Frameworks",
					"$(inherited)",
				);
				INFOPLIST_FILE = HaLakeTests/Info.plist;
				LD_RUNPATH_SEARCH_PATHS = "$(inherited) @executable_path/Frameworks @loader_path/Frameworks";
				PRODUCT_NAME = "$(TARGET_NAME)";
				TEST_HOST = "$(BUILT_PRODUCTS_DIR)/HaLake.app/HaLake";
			};
			name = Release;
		};
/* End XCBuildConfiguration section */

/* Begin XCConfigurationList section */
		DB5B2E4C1A4BDC3B007B2094 /* Build configuration list for PBXProject "HaLake" */ = {
			isa = XCConfigurationList;
			buildConfigurations = (
				DB5B2E721A4BDC3B007B2094 /* Debug */,
				DB5B2E731A4BDC3B007B2094 /* Release */,
			);
			defaultConfigurationIsVisible = 0;
			defaultConfigurationName = Release;
		};
		DB5B2E741A4BDC3B007B2094 /* Build configuration list for PBXNativeTarget "HaLake" */ = {
			isa = XCConfigurationList;
			buildConfigurations = (
				DB5B2E751A4BDC3B007B2094 /* Debug */,
				DB5B2E761A4BDC3B007B2094 /* Release */,
			);
			defaultConfigurationIsVisible = 0;
			defaultConfigurationName = Release;
		};
		DB5B2E771A4BDC3B007B2094 /* Build configuration list for PBXNativeTarget "HaLakeTests" */ = {
			isa = XCConfigurationList;
			buildConfigurations = (
				DB5B2E781A4BDC3B007B2094 /* Debug */,
				DB5B2E791A4BDC3B007B2094 /* Release */,
			);
			defaultConfigurationIsVisible = 0;
			defaultConfigurationName = Release;
		};
/* End XCConfigurationList section */
	};
	rootObject = DB5B2E491A4BDC3B007B2094 /* Project object */;
}
